// !$*UTF8*$!
{
	archiveVersion = 1;
	classes = {
	};
	objectVersion = 77;
	objects = {

/* Begin PBXContainerItemProxy section */
		F867AC412D61171D002342F6 /* PBXContainerItemProxy */ = {
			isa = PBXContainerItemProxy;
			containerPortal = F867AC282D61171A002342F6 /* Project object */;
			proxyType = 1;
			remoteGlobalIDString = F867AC2F2D61171A002342F6;
			remoteInfo = pearlhacks;
		};
		F867AC4B2D61171D002342F6 /* PBXContainerItemProxy */ = {
			isa = PBXContainerItemProxy;
			containerPortal = F867AC282D61171A002342F6 /* Project object */;
			proxyType = 1;
			remoteGlobalIDString = F867AC2F2D61171A002342F6;
			remoteInfo = pearlhacks;
		};
/* End PBXContainerItemProxy section */

/* Begin PBXFileReference section */
		F867AC302D61171A002342F6 /* pearlhacks.app */ = {isa = PBXFileReference; explicitFileType = wrapper.application; includeInIndex = 0; path = pearlhacks.app; sourceTree = BUILT_PRODUCTS_DIR; };
		F867AC402D61171D002342F6 /* pearlhacksTests.xctest */ = {isa = PBXFileReference; explicitFileType = wrapper.cfbundle; includeInIndex = 0; path = pearlhacksTests.xctest; sourceTree = BUILT_PRODUCTS_DIR; };
		F867AC4A2D61171D002342F6 /* pearlhacksUITests.xctest */ = {isa = PBXFileReference; explicitFileType = wrapper.cfbundle; includeInIndex = 0; path = pearlhacksUITests.xctest; sourceTree = BUILT_PRODUCTS_DIR; };
/* End PBXFileReference section */

/* Begin PBXFileSystemSynchronizedRootGroup section */
		F867AC322D61171A002342F6 /* pearlhacks */ = {
			isa = PBXFileSystemSynchronizedRootGroup;
			path = pearlhacks;
			sourceTree = "<group>";
		};
		F867AC432D61171D002342F6 /* pearlhacksTests */ = {
			isa = PBXFileSystemSynchronizedRootGroup;
			path = pearlhacksTests;
			sourceTree = "<group>";
		};
		F867AC4D2D61171D002342F6 /* pearlhacksUITests */ = {
			isa = PBXFileSystemSynchronizedRootGroup;
			path = pearlhacksUITests;
			sourceTree = "<group>";
		};
/* End PBXFileSystemSynchronizedRootGroup section */

/* Begin PBXFrameworksBuildPhase section */
		F867AC2D2D61171A002342F6 /* Frameworks */ = {
			isa = PBXFrameworksBuildPhase;
			buildActionMask = 2147483647;
			files = (
			);
			runOnlyForDeploymentPostprocessing = 0;
		};
		F867AC3D2D61171D002342F6 /* Frameworks */ = {
			isa = PBXFrameworksBuildPhase;
			buildActionMask = 2147483647;
			files = (
			);
			runOnlyForDeploymentPostprocessing = 0;
		};
		F867AC472D61171D002342F6 /* Frameworks */ = {
			isa = PBXFrameworksBuildPhase;
			buildActionMask = 2147483647;
			files = (
			);
			runOnlyForDeploymentPostprocessing = 0;
		};
/* End PBXFrameworksBuildPhase section */

/* Begin PBXGroup section */
		F867AC272D61171A002342F6 = {
			isa = PBXGroup;
			children = (
				F867AC322D61171A002342F6 /* pearlhacks */,
				F867AC432D61171D002342F6 /* pearlhacksTests */,
				F867AC4D2D61171D002342F6 /* pearlhacksUITests */,
				F867AC312D61171A002342F6 /* Products */,
			);
			sourceTree = "<group>";
		};
		F867AC312D61171A002342F6 /* Products */ = {
			isa = PBXGroup;
			children = (
				F867AC302D61171A002342F6 /* pearlhacks.app */,
				F867AC402D61171D002342F6 /* pearlhacksTests.xctest */,
				F867AC4A2D61171D002342F6 /* pearlhacksUITests.xctest */,
			);
			name = Products;
			sourceTree = "<group>";
		};
/* End PBXGroup section */

/* Begin PBXNativeTarget section */
		F867AC2F2D61171A002342F6 /* pearlhacks */ = {
			isa = PBXNativeTarget;
			buildConfigurationList = F867AC542D61171D002342F6 /* Build configuration list for PBXNativeTarget "pearlhacks" */;
			buildPhases = (
				F867AC2C2D61171A002342F6 /* Sources */,
				F867AC2D2D61171A002342F6 /* Frameworks */,
				F867AC2E2D61171A002342F6 /* Resources */,
			);
			buildRules = (
			);
			dependencies = (
			);
			fileSystemSynchronizedGroups = (
				F867AC322D61171A002342F6 /* pearlhacks */,
			);
			name = pearlhacks;
			packageProductDependencies = (
			);
			productName = pearlhacks;
			productReference = F867AC302D61171A002342F6 /* pearlhacks.app */;
			productType = "com.apple.product-type.application";
		};
		F867AC3F2D61171D002342F6 /* pearlhacksTests */ = {
			isa = PBXNativeTarget;
			buildConfigurationList = F867AC572D61171D002342F6 /* Build configuration list for PBXNativeTarget "pearlhacksTests" */;
			buildPhases = (
				F867AC3C2D61171D002342F6 /* Sources */,
				F867AC3D2D61171D002342F6 /* Frameworks */,
				F867AC3E2D61171D002342F6 /* Resources */,
			);
			buildRules = (
			);
			dependencies = (
				F867AC422D61171D002342F6 /* PBXTargetDependency */,
			);
			fileSystemSynchronizedGroups = (
				F867AC432D61171D002342F6 /* pearlhacksTests */,
			);
			name = pearlhacksTests;
			packageProductDependencies = (
			);
			productName = pearlhacksTests;
			productReference = F867AC402D61171D002342F6 /* pearlhacksTests.xctest */;
			productType = "com.apple.product-type.bundle.unit-test";
		};
		F867AC492D61171D002342F6 /* pearlhacksUITests */ = {
			isa = PBXNativeTarget;
			buildConfigurationList = F867AC5A2D61171D002342F6 /* Build configuration list for PBXNativeTarget "pearlhacksUITests" */;
			buildPhases = (
				F867AC462D61171D002342F6 /* Sources */,
				F867AC472D61171D002342F6 /* Frameworks */,
				F867AC482D61171D002342F6 /* Resources */,
			);
			buildRules = (
			);
			dependencies = (
				F867AC4C2D61171D002342F6 /* PBXTargetDependency */,
			);
			fileSystemSynchronizedGroups = (
				F867AC4D2D61171D002342F6 /* pearlhacksUITests */,
			);
			name = pearlhacksUITests;
			packageProductDependencies = (
			);
			productName = pearlhacksUITests;
			productReference = F867AC4A2D61171D002342F6 /* pearlhacksUITests.xctest */;
			productType = "com.apple.product-type.bundle.ui-testing";
		};
/* End PBXNativeTarget section */

/* Begin PBXProject section */
		F867AC282D61171A002342F6 /* Project object */ = {
			isa = PBXProject;
			attributes = {
				BuildIndependentTargetsInParallel = 1;
				LastSwiftUpdateCheck = 1620;
				LastUpgradeCheck = 1620;
				TargetAttributes = {
					F867AC2F2D61171A002342F6 = {
						CreatedOnToolsVersion = 16.2;
					};
					F867AC3F2D61171D002342F6 = {
						CreatedOnToolsVersion = 16.2;
						TestTargetID = F867AC2F2D61171A002342F6;
					};
					F867AC492D61171D002342F6 = {
						CreatedOnToolsVersion = 16.2;
						TestTargetID = F867AC2F2D61171A002342F6;
					};
				};
			};
			buildConfigurationList = F867AC2B2D61171A002342F6 /* Build configuration list for PBXProject "pearlhacks" */;
			developmentRegion = en;
			hasScannedForEncodings = 0;
			knownRegions = (
				en,
				Base,
			);
			mainGroup = F867AC272D61171A002342F6;
			minimizedProjectReferenceProxies = 1;
			packageReferences = (
				C799EF8A2D61406A00F2DE78 /* XCRemoteSwiftPackageReference "plaid-link-ios" */,
			);
			preferredProjectObjectVersion = 77;
			productRefGroup = F867AC312D61171A002342F6 /* Products */;
			projectDirPath = "";
			projectRoot = "";
			targets = (
				F867AC2F2D61171A002342F6 /* pearlhacks */,
				F867AC3F2D61171D002342F6 /* pearlhacksTests */,
				F867AC492D61171D002342F6 /* pearlhacksUITests */,
			);
		};
/* End PBXProject section */

/* Begin PBXResourcesBuildPhase section */
		F867AC2E2D61171A002342F6 /* Resources */ = {
			isa = PBXResourcesBuildPhase;
			buildActionMask = 2147483647;
			files = (
			);
			runOnlyForDeploymentPostprocessing = 0;
		};
		F867AC3E2D61171D002342F6 /* Resources */ = {
			isa = PBXResourcesBuildPhase;
			buildActionMask = 2147483647;
			files = (
			);
			runOnlyForDeploymentPostprocessing = 0;
		};
		F867AC482D61171D002342F6 /* Resources */ = {
			isa = PBXResourcesBuildPhase;
			buildActionMask = 2147483647;
			files = (
			);
			runOnlyForDeploymentPostprocessing = 0;
		};
/* End PBXResourcesBuildPhase section */

/* Begin PBXSourcesBuildPhase section */
		F867AC2C2D61171A002342F6 /* Sources */ = {
			isa = PBXSourcesBuildPhase;
			buildActionMask = 2147483647;
			files = (
			);
			runOnlyForDeploymentPostprocessing = 0;
		};
		F867AC3C2D61171D002342F6 /* Sources */ = {
			isa = PBXSourcesBuildPhase;
			buildActionMask = 2147483647;
			files = (
			);
			runOnlyForDeploymentPostprocessing = 0;
		};
		F867AC462D61171D002342F6 /* Sources */ = {
			isa = PBXSourcesBuildPhase;
			buildActionMask = 2147483647;
			files = (
			);
			runOnlyForDeploymentPostprocessing = 0;
		};
/* End PBXSourcesBuildPhase section */

/* Begin PBXTargetDependency section */
		F867AC422D61171D002342F6 /* PBXTargetDependency */ = {
			isa = PBXTargetDependency;
			target = F867AC2F2D61171A002342F6 /* pearlhacks */;
			targetProxy = F867AC412D61171D002342F6 /* PBXContainerItemProxy */;
		};
		F867AC4C2D61171D002342F6 /* PBXTargetDependency */ = {
			isa = PBXTargetDependency;
			target = F867AC2F2D61171A002342F6 /* pearlhacks */;
			targetProxy = F867AC4B2D61171D002342F6 /* PBXContainerItemProxy */;
		};
/* End PBXTargetDependency section */

/* Begin XCBuildConfiguration section */
		F867AC522D61171D002342F6 /* Debug */ = {
			isa = XCBuildConfiguration;
			buildSettings = {
				ALWAYS_SEARCH_USER_PATHS = NO;
				ASSETCATALOG_COMPILER_GENERATE_SWIFT_ASSET_SYMBOL_EXTENSIONS = YES;
				CLANG_ANALYZER_NONNULL = YES;
				CLANG_ANALYZER_NUMBER_OBJECT_CONVERSION = YES_AGGRESSIVE;
				CLANG_CXX_LANGUAGE_STANDARD = "gnu++20";
				CLANG_ENABLE_MODULES = YES;
				CLANG_ENABLE_OBJC_ARC = YES;
				CLANG_ENABLE_OBJC_WEAK = YES;
				CLANG_WARN_BLOCK_CAPTURE_AUTORELEASING = YES;
				CLANG_WARN_BOOL_CONVERSION = YES;
				CLANG_WARN_COMMA = YES;
				CLANG_WARN_CONSTANT_CONVERSION = YES;
				CLANG_WARN_DEPRECATED_OBJC_IMPLEMENTATIONS = YES;
				CLANG_WARN_DIRECT_OBJC_ISA_USAGE = YES_ERROR;
				CLANG_WARN_DOCUMENTATION_COMMENTS = YES;
				CLANG_WARN_EMPTY_BODY = YES;
				CLANG_WARN_ENUM_CONVERSION = YES;
				CLANG_WARN_INFINITE_RECURSION = YES;
				CLANG_WARN_INT_CONVERSION = YES;
				CLANG_WARN_NON_LITERAL_NULL_CONVERSION = YES;
				CLANG_WARN_OBJC_IMPLICIT_RETAIN_SELF = YES;
				CLANG_WARN_OBJC_LITERAL_CONVERSION = YES;
				CLANG_WARN_OBJC_ROOT_CLASS = YES_ERROR;
				CLANG_WARN_QUOTED_INCLUDE_IN_FRAMEWORK_HEADER = YES;
				CLANG_WARN_RANGE_LOOP_ANALYSIS = YES;
				CLANG_WARN_STRICT_PROTOTYPES = YES;
				CLANG_WARN_SUSPICIOUS_MOVE = YES;
				CLANG_WARN_UNGUARDED_AVAILABILITY = YES_AGGRESSIVE;
				CLANG_WARN_UNREACHABLE_CODE = YES;
				CLANG_WARN__DUPLICATE_METHOD_MATCH = YES;
				COPY_PHASE_STRIP = NO;
				DEBUG_INFORMATION_FORMAT = dwarf;
				ENABLE_STRICT_OBJC_MSGSEND = YES;
				ENABLE_TESTABILITY = YES;
				ENABLE_USER_SCRIPT_SANDBOXING = YES;
				GCC_C_LANGUAGE_STANDARD = gnu17;
				GCC_DYNAMIC_NO_PIC = NO;
				GCC_NO_COMMON_BLOCKS = YES;
				GCC_OPTIMIZATION_LEVEL = 0;
				GCC_PREPROCESSOR_DEFINITIONS = (
					"DEBUG=1",
					"$(inherited)",
				);
				GCC_WARN_64_TO_32_BIT_CONVERSION = YES;
				GCC_WARN_ABOUT_RETURN_TYPE = YES_ERROR;
				GCC_WARN_UNDECLARED_SELECTOR = YES;
				GCC_WARN_UNINITIALIZED_AUTOS = YES_AGGRESSIVE;
				GCC_WARN_UNUSED_FUNCTION = YES;
				GCC_WARN_UNUSED_VARIABLE = YES;
				IPHONEOS_DEPLOYMENT_TARGET = 18.2;
				LOCALIZATION_PREFERS_STRING_CATALOGS = YES;
				MTL_ENABLE_DEBUG_INFO = INCLUDE_SOURCE;
				MTL_FAST_MATH = YES;
				ONLY_ACTIVE_ARCH = YES;
				SDKROOT = iphoneos;
				SWIFT_ACTIVE_COMPILATION_CONDITIONS = "DEBUG $(inherited)";
				SWIFT_OPTIMIZATION_LEVEL = "-Onone";
			};
			name = Debug;
		};
		F867AC532D61171D002342F6 /* Release */ = {
			isa = XCBuildConfiguration;
			buildSettings = {
				ALWAYS_SEARCH_USER_PATHS = NO;
				ASSETCATALOG_COMPILER_GENERATE_SWIFT_ASSET_SYMBOL_EXTENSIONS = YES;
				CLANG_ANALYZER_NONNULL = YES;
				CLANG_ANALYZER_NUMBER_OBJECT_CONVERSION = YES_AGGRESSIVE;
				CLANG_CXX_LANGUAGE_STANDARD = "gnu++20";
				CLANG_ENABLE_MODULES = YES;
				CLANG_ENABLE_OBJC_ARC = YES;
				CLANG_ENABLE_OBJC_WEAK = YES;
				CLANG_WARN_BLOCK_CAPTURE_AUTORELEASING = YES;
				CLANG_WARN_BOOL_CONVERSION = YES;
				CLANG_WARN_COMMA = YES;
				CLANG_WARN_CONSTANT_CONVERSION = YES;
				CLANG_WARN_DEPRECATED_OBJC_IMPLEMENTATIONS = YES;
				CLANG_WARN_DIRECT_OBJC_ISA_USAGE = YES_ERROR;
				CLANG_WARN_DOCUMENTATION_COMMENTS = YES;
				CLANG_WARN_EMPTY_BODY = YES;
				CLANG_WARN_ENUM_CONVERSION = YES;
				CLANG_WARN_INFINITE_RECURSION = YES;
				CLANG_WARN_INT_CONVERSION = YES;
				CLANG_WARN_NON_LITERAL_NULL_CONVERSION = YES;
				CLANG_WARN_OBJC_IMPLICIT_RETAIN_SELF = YES;
				CLANG_WARN_OBJC_LITERAL_CONVERSION = YES;
				CLANG_WARN_OBJC_ROOT_CLASS = YES_ERROR;
				CLANG_WARN_QUOTED_INCLUDE_IN_FRAMEWORK_HEADER = YES;
				CLANG_WARN_RANGE_LOOP_ANALYSIS = YES;
				CLANG_WARN_STRICT_PROTOTYPES = YES;
				CLANG_WARN_SUSPICIOUS_MOVE = YES;
				CLANG_WARN_UNGUARDED_AVAILABILITY = YES_AGGRESSIVE;
				CLANG_WARN_UNREACHABLE_CODE = YES;
				CLANG_WARN__DUPLICATE_METHOD_MATCH = YES;
				COPY_PHASE_STRIP = NO;
				DEBUG_INFORMATION_FORMAT = "dwarf-with-dsym";
				ENABLE_NS_ASSERTIONS = NO;
				ENABLE_STRICT_OBJC_MSGSEND = YES;
				ENABLE_USER_SCRIPT_SANDBOXING = YES;
				GCC_C_LANGUAGE_STANDARD = gnu17;
				GCC_NO_COMMON_BLOCKS = YES;
				GCC_WARN_64_TO_32_BIT_CONVERSION = YES;
				GCC_WARN_ABOUT_RETURN_TYPE = YES_ERROR;
				GCC_WARN_UNDECLARED_SELECTOR = YES;
				GCC_WARN_UNINITIALIZED_AUTOS = YES_AGGRESSIVE;
				GCC_WARN_UNUSED_FUNCTION = YES;
				GCC_WARN_UNUSED_VARIABLE = YES;
				IPHONEOS_DEPLOYMENT_TARGET = 18.2;
				LOCALIZATION_PREFERS_STRING_CATALOGS = YES;
				MTL_ENABLE_DEBUG_INFO = NO;
				MTL_FAST_MATH = YES;
				SDKROOT = iphoneos;
				SWIFT_COMPILATION_MODE = wholemodule;
				VALIDATE_PRODUCT = YES;
			};
			name = Release;
		};
		F867AC552D61171D002342F6 /* Debug */ = {
			isa = XCBuildConfiguration;
			buildSettings = {
				ASSETCATALOG_COMPILER_APPICON_NAME = AppIcon;
				ASSETCATALOG_COMPILER_GLOBAL_ACCENT_COLOR_NAME = AccentColor;
				CODE_SIGN_STYLE = Automatic;
				CURRENT_PROJECT_VERSION = 1;
				DEVELOPMENT_ASSET_PATHS = "\"pearlhacks/Preview Content\"";
				DEVELOPMENT_TEAM = F96K8QGHZR;
				ENABLE_PREVIEWS = YES;
				GENERATE_INFOPLIST_FILE = YES;
				INFOPLIST_KEY_UIApplicationSceneManifest_Generation = YES;
				INFOPLIST_KEY_UIApplicationSupportsIndirectInputEvents = YES;
				INFOPLIST_KEY_UILaunchScreen_Generation = YES;
				INFOPLIST_KEY_UISupportedInterfaceOrientations_iPad = "UIInterfaceOrientationPortrait UIInterfaceOrientationPortraitUpsideDown UIInterfaceOrientationLandscapeLeft UIInterfaceOrientationLandscapeRight";
				INFOPLIST_KEY_UISupportedInterfaceOrientations_iPhone = "UIInterfaceOrientationPortrait UIInterfaceOrientationLandscapeLeft UIInterfaceOrientationLandscapeRight";
				LD_RUNPATH_SEARCH_PATHS = (
					"$(inherited)",
					"@executable_path/Frameworks",
				);
				MARKETING_VERSION = 1.0;
				PRODUCT_BUNDLE_IDENTIFIER = com.example.pearlhacks;
				PRODUCT_NAME = "$(TARGET_NAME)";
				SWIFT_EMIT_LOC_STRINGS = YES;
				SWIFT_VERSION = 5.0;
				TARGETED_DEVICE_FAMILY = "1,2";
			};
			name = Debug;
		};
		F867AC562D61171D002342F6 /* Release */ = {
			isa = XCBuildConfiguration;
			buildSettings = {
				ASSETCATALOG_COMPILER_APPICON_NAME = AppIcon;
				ASSETCATALOG_COMPILER_GLOBAL_ACCENT_COLOR_NAME = AccentColor;
				CODE_SIGN_STYLE = Automatic;
				CURRENT_PROJECT_VERSION = 1;
				DEVELOPMENT_ASSET_PATHS = "\"pearlhacks/Preview Content\"";
				DEVELOPMENT_TEAM = F96K8QGHZR;
				ENABLE_PREVIEWS = YES;
				GENERATE_INFOPLIST_FILE = YES;
				INFOPLIST_KEY_UIApplicationSceneManifest_Generation = YES;
				INFOPLIST_KEY_UIApplicationSupportsIndirectInputEvents = YES;
				INFOPLIST_KEY_UILaunchScreen_Generation = YES;
				INFOPLIST_KEY_UISupportedInterfaceOrientations_iPad = "UIInterfaceOrientationPortrait UIInterfaceOrientationPortraitUpsideDown UIInterfaceOrientationLandscapeLeft UIInterfaceOrientationLandscapeRight";
				INFOPLIST_KEY_UISupportedInterfaceOrientations_iPhone = "UIInterfaceOrientationPortrait UIInterfaceOrientationLandscapeLeft UIInterfaceOrientationLandscapeRight";
				LD_RUNPATH_SEARCH_PATHS = (
					"$(inherited)",
					"@executable_path/Frameworks",
				);
				MARKETING_VERSION = 1.0;
				PRODUCT_BUNDLE_IDENTIFIER = com.example.pearlhacks;
				PRODUCT_NAME = "$(TARGET_NAME)";
				SWIFT_EMIT_LOC_STRINGS = YES;
				SWIFT_VERSION = 5.0;
				TARGETED_DEVICE_FAMILY = "1,2";
			};
			name = Release;
		};
		F867AC582D61171D002342F6 /* Debug */ = {
			isa = XCBuildConfiguration;
			buildSettings = {
				BUNDLE_LOADER = "$(TEST_HOST)";
				CODE_SIGN_STYLE = Automatic;
				CURRENT_PROJECT_VERSION = 1;
				DEVELOPMENT_TEAM = F96K8QGHZR;
				GENERATE_INFOPLIST_FILE = YES;
				IPHONEOS_DEPLOYMENT_TARGET = 18.2;
				MARKETING_VERSION = 1.0;
				PRODUCT_BUNDLE_IDENTIFIER = com.example.pearlhacksTests;
				PRODUCT_NAME = "$(TARGET_NAME)";
				SWIFT_EMIT_LOC_STRINGS = NO;
				SWIFT_VERSION = 5.0;
				TARGETED_DEVICE_FAMILY = "1,2";
				TEST_HOST = "$(BUILT_PRODUCTS_DIR)/pearlhacks.app/$(BUNDLE_EXECUTABLE_FOLDER_PATH)/pearlhacks";
			};
			name = Debug;
		};
		F867AC592D61171D002342F6 /* Release */ = {
			isa = XCBuildConfiguration;
			buildSettings = {
				BUNDLE_LOADER = "$(TEST_HOST)";
				CODE_SIGN_STYLE = Automatic;
				CURRENT_PROJECT_VERSION = 1;
				DEVELOPMENT_TEAM = F96K8QGHZR;
				GENERATE_INFOPLIST_FILE = YES;
				IPHONEOS_DEPLOYMENT_TARGET = 18.2;
				MARKETING_VERSION = 1.0;
				PRODUCT_BUNDLE_IDENTIFIER = com.example.pearlhacksTests;
				PRODUCT_NAME = "$(TARGET_NAME)";
				SWIFT_EMIT_LOC_STRINGS = NO;
				SWIFT_VERSION = 5.0;
				TARGETED_DEVICE_FAMILY = "1,2";
				TEST_HOST = "$(BUILT_PRODUCTS_DIR)/pearlhacks.app/$(BUNDLE_EXECUTABLE_FOLDER_PATH)/pearlhacks";
			};
			name = Release;
		};
		F867AC5B2D61171D002342F6 /* Debug */ = {
			isa = XCBuildConfiguration;
			buildSettings = {
				CODE_SIGN_STYLE = Automatic;
				CURRENT_PROJECT_VERSION = 1;
				DEVELOPMENT_TEAM = F96K8QGHZR;
				GENERATE_INFOPLIST_FILE = YES;
				MARKETING_VERSION = 1.0;
				PRODUCT_BUNDLE_IDENTIFIER = com.example.pearlhacksUITests;
				PRODUCT_NAME = "$(TARGET_NAME)";
				SWIFT_EMIT_LOC_STRINGS = NO;
				SWIFT_VERSION = 5.0;
				TARGETED_DEVICE_FAMILY = "1,2";
				TEST_TARGET_NAME = pearlhacks;
			};
			name = Debug;
		};
		F867AC5C2D61171D002342F6 /* Release */ = {
			isa = XCBuildConfiguration;
			buildSettings = {
				CODE_SIGN_STYLE = Automatic;
				CURRENT_PROJECT_VERSION = 1;
				DEVELOPMENT_TEAM = F96K8QGHZR;
				GENERATE_INFOPLIST_FILE = YES;
				MARKETING_VERSION = 1.0;
				PRODUCT_BUNDLE_IDENTIFIER = com.example.pearlhacksUITests;
				PRODUCT_NAME = "$(TARGET_NAME)";
				SWIFT_EMIT_LOC_STRINGS = NO;
				SWIFT_VERSION = 5.0;
				TARGETED_DEVICE_FAMILY = "1,2";
				TEST_TARGET_NAME = pearlhacks;
			};
			name = Release;
		};
/* End XCBuildConfiguration section */

/* Begin XCConfigurationList section */
		F867AC2B2D61171A002342F6 /* Build configuration list for PBXProject "pearlhacks" */ = {
			isa = XCConfigurationList;
			buildConfigurations = (
				F867AC522D61171D002342F6 /* Debug */,
				F867AC532D61171D002342F6 /* Release */,
			);
			defaultConfigurationIsVisible = 0;
			defaultConfigurationName = Release;
		};
		F867AC542D61171D002342F6 /* Build configuration list for PBXNativeTarget "pearlhacks" */ = {
			isa = XCConfigurationList;
			buildConfigurations = (
				F867AC552D61171D002342F6 /* Debug */,
				F867AC562D61171D002342F6 /* Release */,
			);
			defaultConfigurationIsVisible = 0;
			defaultConfigurationName = Release;
		};
		F867AC572D61171D002342F6 /* Build configuration list for PBXNativeTarget "pearlhacksTests" */ = {
			isa = XCConfigurationList;
			buildConfigurations = (
				F867AC582D61171D002342F6 /* Debug */,
				F867AC592D61171D002342F6 /* Release */,
			);
			defaultConfigurationIsVisible = 0;
			defaultConfigurationName = Release;
		};
		F867AC5A2D61171D002342F6 /* Build configuration list for PBXNativeTarget "pearlhacksUITests" */ = {
			isa = XCConfigurationList;
			buildConfigurations = (
				F867AC5B2D61171D002342F6 /* Debug */,
				F867AC5C2D61171D002342F6 /* Release */,
			);
			defaultConfigurationIsVisible = 0;
			defaultConfigurationName = Release;
		};
/* End XCConfigurationList section */

/* Begin XCRemoteSwiftPackageReference section */
		C799EF8A2D61406A00F2DE78 /* XCRemoteSwiftPackageReference "plaid-link-ios" */ = {
			isa = XCRemoteSwiftPackageReference;
			repositoryURL = "https://github.com/plaid/plaid-link-ios";
			requirement = {
				kind = upToNextMajorVersion;
				minimumVersion = 6.0.4;
			};
		};
/* End XCRemoteSwiftPackageReference section */
	};
	rootObject = F867AC282D61171A002342F6 /* Project object */;
}
