{
  "originHash" : "504a68837e5809de78d40418c5bd097114a0ae5cb53b5a40cc3d33ff07b0da6d",
  "pins" : [
    {
      "identity" : "plaid-link-ios",
      "kind" : "remoteSourceControl",
      "location" : "https://github.com/plaid/plaid-link-ios",
      "state" : {
        "revision" : "4630af721ea1a9fb0cb6e43afa68ff238e2ad4fb",
        "version" : "6.0.4"
      }
    }
  ],
  "version" : 3
}
